
Microsoft Visual Studio Solution File, Format Version 12.00
# Visual Studio Version 16
VisualStudioVersion = 16.0.31424.327
MinimumVisualStudioVersion = 10.0.40219.1
Project("{FAE04EC0-301F-11D3-BF4B-00C04F79EFBC}") = "HospitalApp", "HospitalApp\HospitalApp.csproj", "{ACE9D121-0EF3-46C5-B3A2-9423C7D8773C}"
EndProject
Global
	GlobalSection(SolutionConfigurationPlatforms) = preSolution
		Debug|Any CPU = Debug|Any CPU
		Release|Any CPU = Release|Any CPU
	EndGlobalSection
	GlobalSection(ProjectConfigurationPlatforms) = postSolution
		{ACE9D121-0EF3-46C5-B3A2-9423C7D8773C}.Debug|Any CPU.ActiveCfg = Debug|Any CPU
		{ACE9D121-0EF3-46C5-B3A2-9423C7D8773C}.Debug|Any CPU.Build.0 = Debug|Any CPU
		{ACE9D121-0EF3-46C5-B3A2-9423C7D8773C}.Release|Any CPU.ActiveCfg = Release|Any CPU
		{ACE9D121-0EF3-46C5-B3A2-9423C7D8773C}.Release|Any CPU.Build.0 = Release|Any CPU
	EndGlobalSection
	GlobalSection(SolutionProperties) = preSolution
		HideSolutionNode = FALSE
	EndGlobalSection
	GlobalSection(ExtensibilityGlobals) = postSolution
		SolutionGuid = {1630B5BA-A459-4E86-9C8A-EA63F5F880B5}
	EndGlobalSection
EndGlobal
